
Microsoft Visual Studio Solution File, Format Version 12.00
# Visual Studio Version 17
VisualStudioVersion = 17.14.36408.4 d17.14
MinimumVisualStudioVersion = 10.0.40219.1
Project("{FAE04EC0-301F-11D3-BF4B-00C04F79EFBC}") = "MyCollectionMobileApp", "MyCollectionMobileApp.csproj", "{98D40F94-CFCD-4FE9-9F91-F03D7B246115}"
EndProject
Global
	GlobalSection(SolutionConfigurationPlatforms) = preSolution
		Debug|Any CPU = Debug|Any CPU
		Release|Any CPU = Release|Any CPU
	EndGlobalSection
	GlobalSection(ProjectConfigurationPlatforms) = postSolution
		{98D40F94-CFCD-4FE9-9F91-F03D7B246115}.Debug|Any CPU.ActiveCfg = Debug|Any CPU
		{98D40F94-CFCD-4FE9-9F91-F03D7B246115}.Debug|Any CPU.Build.0 = Debug|Any CPU
		{98D40F94-CFCD-4FE9-9F91-F03D7B246115}.Release|Any CPU.ActiveCfg = Release|Any CPU
		{98D40F94-CFCD-4FE9-9F91-F03D7B246115}.Release|Any CPU.Build.0 = Release|Any CPU
	EndGlobalSection
	GlobalSection(SolutionProperties) = preSolution
		HideSolutionNode = FALSE
	EndGlobalSection
	GlobalSection(ExtensibilityGlobals) = postSolution
		SolutionGuid = {FD7E840C-2692-40DE-BD52-90A30A5E8306}
	EndGlobalSection
EndGlobal
